{
    "_readme": [
        "This file locks the dependencies of your project to a known state",
        "Read more about it at https://getcomposer.org/doc/01-basic-usage.md#composer-lock-the-lock-file",
        "This file is @generated automatically"
    ],
    "hash": "23440314e1904154186f6af2f9ad03cf",
    "content-hash": "3ce894605d3e185129e57a2140f67087",
    "packages": [
        {
            "name": "boscot/core",
            "version": "dev-master",
            "dist": {
                "type": "path",
                "url": "/var/www/boscot/core",
                "reference": "643519d6309d29f7fd383969c610f33c9eb69dc1",
                "shasum": null
            },
            "type": "library",
            "autoload": {
                "psr-4": {
                    "Boscot\\": "src"
                }
            },
            "authors": [
                {
                    "name": "Richard",
                    "email": "richard@boscot.com"
                }
            ]
        }
    ],
    "packages-dev": [],
    "aliases": [],
    "minimum-stability": "stable",
    "stability-flags": {
        "boscot/core": 20
    },
    "prefer-stable": false,
    "prefer-lowest": false,
    "platform": [],
    "platform-dev": []
}
